
Microsoft Visual Studio Solution File, Format Version 12.00
# Visual Studio 15
VisualStudioVersion = 15.0.28010.2036
MinimumVisualStudioVersion = 10.0.40219.1
Project("{2150E333-8FDC-42A3-9474-1A3956D46DE8}") = "Solid - Exercises", "Solid - Exercises", "{0FE2E681-1A85-4067-940B-6AC56FAFDC5E}"
EndProject
Project("{FAE04EC0-301F-11D3-BF4B-00C04F79EFBC}") = "Logger", "Logger\Logger.csproj", "{6559CF24-4197-4C5F-8D76-BC14124FFC1A}"
EndProject
Global
	GlobalSection(SolutionConfigurationPlatforms) = preSolution
		Debug|Any CPU = Debug|Any CPU
		Release|Any CPU = Release|Any CPU
	EndGlobalSection
	GlobalSection(ProjectConfigurationPlatforms) = postSolution
		{6559CF24-4197-4C5F-8D76-BC14124FFC1A}.Debug|Any CPU.ActiveCfg = Debug|Any CPU
		{6559CF24-4197-4C5F-8D76-BC14124FFC1A}.Debug|Any CPU.Build.0 = Debug|Any CPU
		{6559CF24-4197-4C5F-8D76-BC14124FFC1A}.Release|Any CPU.ActiveCfg = Release|Any CPU
		{6559CF24-4197-4C5F-8D76-BC14124FFC1A}.Release|Any CPU.Build.0 = Release|Any CPU
	EndGlobalSection
	GlobalSection(SolutionProperties) = preSolution
		HideSolutionNode = FALSE
	EndGlobalSection
	GlobalSection(NestedProjects) = preSolution
		{6559CF24-4197-4C5F-8D76-BC14124FFC1A} = {0FE2E681-1A85-4067-940B-6AC56FAFDC5E}
	EndGlobalSection
	GlobalSection(ExtensibilityGlobals) = postSolution
		SolutionGuid = {8F1FAEBA-6818-441C-8C30-061F5CB16358}
	EndGlobalSection
EndGlobal
