
Microsoft Visual Studio Solution File, Format Version 12.00
# Visual Studio 15
VisualStudioVersion = 15.0.28010.2036
MinimumVisualStudioVersion = 10.0.40219.1
Project("{2150E333-8FDC-42A3-9474-1A3956D46DE8}") = "Solid - Exercises", "Solid - Exercises", "{0FE2E681-1A85-4067-940B-6AC56FAFDC5E}"
EndProject
Project("{9A19103F-16F7-4668-BE54-9A1E7A4F7556}") = "Logger", "Logger\Logger.csproj", "{6559CF24-4197-4C5F-8D76-BC14124FFC1A}"
EndProject
Project("{2150E333-8FDC-42A3-9474-1A3956D46DE8}") = "Generics - Exercise", "Generics - Exercise", "{66BCBA3A-3D3F-4E0A-8B5D-961E9DFFE1F9}"
EndProject
Project("{9A19103F-16F7-4668-BE54-9A1E7A4F7556}") = "GenericBoxOfString", "GenericBoxOfString\GenericBoxOfString.csproj", "{DEA06DF6-48AA-46F6-978D-9D5AB8ACCC4F}"
EndProject
Project("{9A19103F-16F7-4668-BE54-9A1E7A4F7556}") = "GenericBoxOfInteger", "GenericBoxOfInteger\GenericBoxOfInteger.csproj", "{0FFE4DE9-5597-4934-95D3-0895CC2663FD}"
EndProject
Project("{9A19103F-16F7-4668-BE54-9A1E7A4F7556}") = "GenericSwapMethodString", "GenericSwapMethodString\GenericSwapMethodString.csproj", "{33058263-D6E4-4D9D-88D2-D1B09D257973}"
EndProject
Project("{9A19103F-16F7-4668-BE54-9A1E7A4F7556}") = "GenericSwapMethodnteger", "GenericSwapMethodnteger\GenericSwapMethodnteger.csproj", "{EF2F2175-44F8-4358-9CE6-C2C7C0C7DBF1}"
EndProject
Project("{9A19103F-16F7-4668-BE54-9A1E7A4F7556}") = "GenericCountMethodString", "GenericCountMethodString\GenericCountMethodString.csproj", "{3DF34DFA-C648-46D3-A1F2-DEF0CA979861}"
EndProject
Project("{9A19103F-16F7-4668-BE54-9A1E7A4F7556}") = "GenericCountMethodDouble", "GenericCountMethodDouble\GenericCountMethodDouble.csproj", "{CE75318C-3729-4F1E-811D-CC0D77E23956}"
EndProject
Project("{9A19103F-16F7-4668-BE54-9A1E7A4F7556}") = "CustomList", "CustomList\CustomList.csproj", "{869FE18F-1F56-4BA8-8FF8-577C1417E69B}"
EndProject
Project("{FAE04EC0-301F-11D3-BF4B-00C04F79EFBC}") = "CustomListSorter", "CustomListSorter\CustomListSorter.csproj", "{2C46832F-F8AB-4835-94A2-ED3066C3D479}"
EndProject
Project("{FAE04EC0-301F-11D3-BF4B-00C04F79EFBC}") = "CustomListIterator", "CustomListIterator\CustomListIterator.csproj", "{D0D4E8CE-6FE9-4499-9078-DFACC5D12E6E}"
EndProject
Project("{FAE04EC0-301F-11D3-BF4B-00C04F79EFBC}") = "Tuple", "Tuple\Tuple.csproj", "{5BF728D8-2752-40F1-8A4F-C813E410F475}"
EndProject
Project("{FAE04EC0-301F-11D3-BF4B-00C04F79EFBC}") = "Threeuple", "Threeuple\Threeuple.csproj", "{EE3753AB-F2D6-493E-820D-9AB7E8F3A3E8}"
EndProject
Project("{2150E333-8FDC-42A3-9474-1A3956D46DE8}") = "Iterators and Comparators - Exercise", "Iterators and Comparators - Exercise", "{6A1856F0-32AD-4294-A86D-0C1FBDA90EB9}"
EndProject
Global
	GlobalSection(SolutionConfigurationPlatforms) = preSolution
		Debug|Any CPU = Debug|Any CPU
		Release|Any CPU = Release|Any CPU
	EndGlobalSection
	GlobalSection(ProjectConfigurationPlatforms) = postSolution
		{6559CF24-4197-4C5F-8D76-BC14124FFC1A}.Debug|Any CPU.ActiveCfg = Debug|Any CPU
		{6559CF24-4197-4C5F-8D76-BC14124FFC1A}.Debug|Any CPU.Build.0 = Debug|Any CPU
		{6559CF24-4197-4C5F-8D76-BC14124FFC1A}.Release|Any CPU.ActiveCfg = Release|Any CPU
		{6559CF24-4197-4C5F-8D76-BC14124FFC1A}.Release|Any CPU.Build.0 = Release|Any CPU
		{DEA06DF6-48AA-46F6-978D-9D5AB8ACCC4F}.Debug|Any CPU.ActiveCfg = Debug|Any CPU
		{DEA06DF6-48AA-46F6-978D-9D5AB8ACCC4F}.Debug|Any CPU.Build.0 = Debug|Any CPU
		{DEA06DF6-48AA-46F6-978D-9D5AB8ACCC4F}.Release|Any CPU.ActiveCfg = Release|Any CPU
		{DEA06DF6-48AA-46F6-978D-9D5AB8ACCC4F}.Release|Any CPU.Build.0 = Release|Any CPU
		{0FFE4DE9-5597-4934-95D3-0895CC2663FD}.Debug|Any CPU.ActiveCfg = Debug|Any CPU
		{0FFE4DE9-5597-4934-95D3-0895CC2663FD}.Debug|Any CPU.Build.0 = Debug|Any CPU
		{0FFE4DE9-5597-4934-95D3-0895CC2663FD}.Release|Any CPU.ActiveCfg = Release|Any CPU
		{0FFE4DE9-5597-4934-95D3-0895CC2663FD}.Release|Any CPU.Build.0 = Release|Any CPU
		{33058263-D6E4-4D9D-88D2-D1B09D257973}.Debug|Any CPU.ActiveCfg = Debug|Any CPU
		{33058263-D6E4-4D9D-88D2-D1B09D257973}.Debug|Any CPU.Build.0 = Debug|Any CPU
		{33058263-D6E4-4D9D-88D2-D1B09D257973}.Release|Any CPU.ActiveCfg = Release|Any CPU
		{33058263-D6E4-4D9D-88D2-D1B09D257973}.Release|Any CPU.Build.0 = Release|Any CPU
		{EF2F2175-44F8-4358-9CE6-C2C7C0C7DBF1}.Debug|Any CPU.ActiveCfg = Debug|Any CPU
		{EF2F2175-44F8-4358-9CE6-C2C7C0C7DBF1}.Debug|Any CPU.Build.0 = Debug|Any CPU
		{EF2F2175-44F8-4358-9CE6-C2C7C0C7DBF1}.Release|Any CPU.ActiveCfg = Release|Any CPU
		{EF2F2175-44F8-4358-9CE6-C2C7C0C7DBF1}.Release|Any CPU.Build.0 = Release|Any CPU
		{3DF34DFA-C648-46D3-A1F2-DEF0CA979861}.Debug|Any CPU.ActiveCfg = Debug|Any CPU
		{3DF34DFA-C648-46D3-A1F2-DEF0CA979861}.Debug|Any CPU.Build.0 = Debug|Any CPU
		{3DF34DFA-C648-46D3-A1F2-DEF0CA979861}.Release|Any CPU.ActiveCfg = Release|Any CPU
		{3DF34DFA-C648-46D3-A1F2-DEF0CA979861}.Release|Any CPU.Build.0 = Release|Any CPU
		{CE75318C-3729-4F1E-811D-CC0D77E23956}.Debug|Any CPU.ActiveCfg = Debug|Any CPU
		{CE75318C-3729-4F1E-811D-CC0D77E23956}.Debug|Any CPU.Build.0 = Debug|Any CPU
		{CE75318C-3729-4F1E-811D-CC0D77E23956}.Release|Any CPU.ActiveCfg = Release|Any CPU
		{CE75318C-3729-4F1E-811D-CC0D77E23956}.Release|Any CPU.Build.0 = Release|Any CPU
		{869FE18F-1F56-4BA8-8FF8-577C1417E69B}.Debug|Any CPU.ActiveCfg = Debug|Any CPU
		{869FE18F-1F56-4BA8-8FF8-577C1417E69B}.Debug|Any CPU.Build.0 = Debug|Any CPU
		{869FE18F-1F56-4BA8-8FF8-577C1417E69B}.Release|Any CPU.ActiveCfg = Release|Any CPU
		{869FE18F-1F56-4BA8-8FF8-577C1417E69B}.Release|Any CPU.Build.0 = Release|Any CPU
		{2C46832F-F8AB-4835-94A2-ED3066C3D479}.Debug|Any CPU.ActiveCfg = Debug|Any CPU
		{2C46832F-F8AB-4835-94A2-ED3066C3D479}.Debug|Any CPU.Build.0 = Debug|Any CPU
		{2C46832F-F8AB-4835-94A2-ED3066C3D479}.Release|Any CPU.ActiveCfg = Release|Any CPU
		{2C46832F-F8AB-4835-94A2-ED3066C3D479}.Release|Any CPU.Build.0 = Release|Any CPU
		{D0D4E8CE-6FE9-4499-9078-DFACC5D12E6E}.Debug|Any CPU.ActiveCfg = Debug|Any CPU
		{D0D4E8CE-6FE9-4499-9078-DFACC5D12E6E}.Debug|Any CPU.Build.0 = Debug|Any CPU
		{D0D4E8CE-6FE9-4499-9078-DFACC5D12E6E}.Release|Any CPU.ActiveCfg = Release|Any CPU
		{D0D4E8CE-6FE9-4499-9078-DFACC5D12E6E}.Release|Any CPU.Build.0 = Release|Any CPU
		{5BF728D8-2752-40F1-8A4F-C813E410F475}.Debug|Any CPU.ActiveCfg = Debug|Any CPU
		{5BF728D8-2752-40F1-8A4F-C813E410F475}.Debug|Any CPU.Build.0 = Debug|Any CPU
		{5BF728D8-2752-40F1-8A4F-C813E410F475}.Release|Any CPU.ActiveCfg = Release|Any CPU
		{5BF728D8-2752-40F1-8A4F-C813E410F475}.Release|Any CPU.Build.0 = Release|Any CPU
		{EE3753AB-F2D6-493E-820D-9AB7E8F3A3E8}.Debug|Any CPU.ActiveCfg = Debug|Any CPU
		{EE3753AB-F2D6-493E-820D-9AB7E8F3A3E8}.Debug|Any CPU.Build.0 = Debug|Any CPU
		{EE3753AB-F2D6-493E-820D-9AB7E8F3A3E8}.Release|Any CPU.ActiveCfg = Release|Any CPU
		{EE3753AB-F2D6-493E-820D-9AB7E8F3A3E8}.Release|Any CPU.Build.0 = Release|Any CPU
	EndGlobalSection
	GlobalSection(SolutionProperties) = preSolution
		HideSolutionNode = FALSE
	EndGlobalSection
	GlobalSection(NestedProjects) = preSolution
		{6559CF24-4197-4C5F-8D76-BC14124FFC1A} = {0FE2E681-1A85-4067-940B-6AC56FAFDC5E}
		{DEA06DF6-48AA-46F6-978D-9D5AB8ACCC4F} = {66BCBA3A-3D3F-4E0A-8B5D-961E9DFFE1F9}
		{0FFE4DE9-5597-4934-95D3-0895CC2663FD} = {66BCBA3A-3D3F-4E0A-8B5D-961E9DFFE1F9}
		{33058263-D6E4-4D9D-88D2-D1B09D257973} = {66BCBA3A-3D3F-4E0A-8B5D-961E9DFFE1F9}
		{EF2F2175-44F8-4358-9CE6-C2C7C0C7DBF1} = {66BCBA3A-3D3F-4E0A-8B5D-961E9DFFE1F9}
		{3DF34DFA-C648-46D3-A1F2-DEF0CA979861} = {66BCBA3A-3D3F-4E0A-8B5D-961E9DFFE1F9}
		{CE75318C-3729-4F1E-811D-CC0D77E23956} = {66BCBA3A-3D3F-4E0A-8B5D-961E9DFFE1F9}
		{869FE18F-1F56-4BA8-8FF8-577C1417E69B} = {66BCBA3A-3D3F-4E0A-8B5D-961E9DFFE1F9}
		{2C46832F-F8AB-4835-94A2-ED3066C3D479} = {66BCBA3A-3D3F-4E0A-8B5D-961E9DFFE1F9}
		{D0D4E8CE-6FE9-4499-9078-DFACC5D12E6E} = {66BCBA3A-3D3F-4E0A-8B5D-961E9DFFE1F9}
		{5BF728D8-2752-40F1-8A4F-C813E410F475} = {66BCBA3A-3D3F-4E0A-8B5D-961E9DFFE1F9}
		{EE3753AB-F2D6-493E-820D-9AB7E8F3A3E8} = {66BCBA3A-3D3F-4E0A-8B5D-961E9DFFE1F9}
	EndGlobalSection
	GlobalSection(ExtensibilityGlobals) = postSolution
		SolutionGuid = {8F1FAEBA-6818-441C-8C30-061F5CB16358}
	EndGlobalSection
EndGlobal
